// !$*UTF8*$!
{
	archiveVersion = 1;
	classes = {
	};
	objectVersion = 46;
	objects = {

/* Begin PBXBuildFile section */
		16516E441C0C4E6B004B5821 /* AppDelegate.swift in Sources */ = {isa = PBXBuildFile; fileRef = 16516E431C0C4E6B004B5821 /* AppDelegate.swift */; };
		16516E461C0C4E6B004B5821 /* ViewController.swift in Sources */ = {isa = PBXBuildFile; fileRef = 16516E451C0C4E6B004B5821 /* ViewController.swift */; };
		16516E491C0C4E6B004B5821 /* Main.storyboard in Resources */ = {isa = PBXBuildFile; fileRef = 16516E471C0C4E6B004B5821 /* Main.storyboard */; };
		16516E4B1C0C4E6B004B5821 /* Assets.xcassets in Resources */ = {isa = PBXBuildFile; fileRef = 16516E4A1C0C4E6B004B5821 /* Assets.xcassets */; };
		16516E4E1C0C4E6B004B5821 /* LaunchScreen.storyboard in Resources */ = {isa = PBXBuildFile; fileRef = 16516E4C1C0C4E6B004B5821 /* LaunchScreen.storyboard */; };
/* End PBXBuildFile section */

/* Begin PBXFileReference section */
		16516E401C0C4E6B004B5821 /* BoomApp.app */ = {isa = PBXFileReference; explicitFileType = wrapper.application; includeInIndex = 0; path = BoomApp.app; sourceTree = BUILT_PRODUCTS_DIR; };
		16516E431C0C4E6B004B5821 /* AppDelegate.swift */ = {isa = PBXFileReference; lastKnownFileType = sourcecode.swift; path = AppDelegate.swift; sourceTree = "<group>"; };
		16516E451C0C4E6B004B5821 /* ViewController.swift */ = {isa = PBXFileReference; lastKnownFileType = sourcecode.swift; path = ViewController.swift; sourceTree = "<group>"; };
		16516E481C0C4E6B004B5821 /* Base */ = {isa = PBXFileReference; lastKnownFileType = file.storyboard; name = Base; path = Base.lproj/Main.storyboard; sourceTree = "<group>"; };
		16516E4A1C0C4E6B004B5821 /* Assets.xcassets */ = {isa = PBXFileReference; lastKnownFileType = folder.assetcatalog; path = Assets.xcassets; sourceTree = "<group>"; };
		16516E4D1C0C4E6B004B5821 /* Base */ = {isa = PBXFileReference; lastKnownFileType = file.storyboard; name = Base; path = Base.lproj/LaunchScreen.storyboard; sourceTree = "<group>"; };
		16516E4F1C0C4E6B004B5821 /* Info.plist */ = {isa = PBXFileReference; lastKnownFileType = text.plist.xml; path = Info.plist; sourceTree = "<group>"; };
/* End PBXFileReference section */

/* Begin PBXFrameworksBuildPhase section */
		16516E3D1C0C4E6B004B5821 /* Frameworks */ = {
			isa = PBXFrameworksBuildPhase;
			buildActionMask = 2147483647;
			files = (
			);
			runOnlyForDeploymentPostprocessing = 0;
		};
/* End PBXFrameworksBuildPhase section */

/* Begin PBXGroup section */
		16516E371C0C4E6B004B5821 = {
			isa = PBXGroup;
			children = (
				16516E421C0C4E6B004B5821 /* BoomApp */,
				16516E411C0C4E6B004B5821 /* Products */,
			);
			sourceTree = "<group>";
		};
		16516E411C0C4E6B004B5821 /* Products */ = {
			isa = PBXGroup;
			children = (
				16516E401C0C4E6B004B5821 /* BoomApp.app */,
			);
			name = Products;
			sourceTree = "<group>";
		};
		16516E421C0C4E6B004B5821 /* BoomApp */ = {
			isa = PBXGroup;
			children = (
				16516E431C0C4E6B004B5821 /* AppDelegate.swift */,
				16516E451C0C4E6B004B5821 /* ViewController.swift */,
				16516E471C0C4E6B004B5821 /* Main.storyboard */,
				16516E4A1C0C4E6B004B5821 /* Assets.xcassets */,
				16516E4C1C0C4E6B004B5821 /* LaunchScreen.storyboard */,
				16516E4F1C0C4E6B004B5821 /* Info.plist */,
			);
			path = BoomApp;
			sourceTree = "<group>";
		};
/* End PBXGroup section */

/* Begin PBXNativeTarget section */
		16516E3F1C0C4E6B004B5821 /* BoomApp */ = {
			isa = PBXNativeTarget;
			buildConfigurationList = 16516E521C0C4E6B004B5821 /* Build configuration list for PBXNativeTarget "BoomApp" */;
			buildPhases = (
				16516E3C1C0C4E6B004B5821 /* Sources */,
				16516E3D1C0C4E6B004B5821 /* Frameworks */,
				16516E3E1C0C4E6B004B5821 /* Resources */,
			);
			buildRules = (
			);
			dependencies = (
			);
			name = BoomApp;
			productName = BoomApp;
			productReference = 16516E401C0C4E6B004B5821 /* BoomApp.app */;
			productType = "com.apple.product-type.application";
		};
/* End PBXNativeTarget section */

/* Begin PBXProject section */
		16516E381C0C4E6B004B5821 /* Project object */ = {
			isa = PBXProject;
			attributes = {
				LastSwiftUpdateCheck = 0710;
				LastUpgradeCheck = 0710;
				ORGANIZATIONNAME = Knolware;
				TargetAttributes = {
					16516E3F1C0C4E6B004B5821 = {
						CreatedOnToolsVersion = 7.1.1;
					};
				};
			};
			buildConfigurationList = 16516E3B1C0C4E6B004B5821 /* Build configuration list for PBXProject "BoomApp" */;
			compatibilityVersion = "Xcode 3.2";
			developmentRegion = English;
			hasScannedForEncodings = 0;
			knownRegions = (
				en,
				Base,
			);
			mainGroup = 16516E371C0C4E6B004B5821;
			productRefGroup = 16516E411C0C4E6B004B5821 /* Products */;
			projectDirPath = "";
			projectRoot = "";
			targets = (
				16516E3F1C0C4E6B004B5821 /* BoomApp */,
			);
		};
/* End PBXProject section */

/* Begin PBXResourcesBuildPhase section */
		16516E3E1C0C4E6B004B5821 /* Resources */ = {
			isa = PBXResourcesBuildPhase;
			buildActionMask = 2147483647;
			files = (
				16516E4E1C0C4E6B004B5821 /* LaunchScreen.storyboard in Resources */,
				16516E4B1C0C4E6B004B5821 /* Assets.xcassets in Resources */,
				16516E491C0C4E6B004B5821 /* Main.storyboard in Resources */,
			);
			runOnlyForDeploymentPostprocessing = 0;
		};
/* End PBXResourcesBuildPhase section */

/* Begin PBXSourcesBuildPhase section */
		16516E3C1C0C4E6B004B5821 /* Sources */ = {
			isa = PBXSourcesBuildPhase;
			buildActionMask = 2147483647;
			files = (
				16516E461C0C4E6B004B5821 /* ViewController.swift in Sources */,
				16516E441C0C4E6B004B5821 /* AppDelegate.swift in Sources */,
			);
			runOnlyForDeploymentPostprocessing = 0;
		};
/* End PBXSourcesBuildPhase section */

/* Begin PBXVariantGroup section */
		16516E471C0C4E6B004B5821 /* Main.storyboard */ = {
			isa = PBXVariantGroup;
			children = (
				16516E481C0C4E6B004B5821 /* Base */,
			);
			name = Main.storyboard;
			sourceTree = "<group>";
		};
		16516E4C1C0C4E6B004B5821 /* LaunchScreen.storyboard */ = {
			isa = PBXVariantGroup;
			children = (
				16516E4D1C0C4E6B004B5821 /* Base */,
			);
			name = LaunchScreen.storyboard;
			sourceTree = "<group>";
		};
/* End PBXVariantGroup section */

/* Begin XCBuildConfiguration section */
		16516E501C0C4E6B004B5821 /* Debug */ = {
			isa = XCBuildConfiguration;
			buildSettings = {
				ALWAYS_SEARCH_USER_PATHS = NO;
				CLANG_CXX_LANGUAGE_STANDARD = "gnu++0x";
				CLANG_CXX_LIBRARY = "libc++";
				CLANG_ENABLE_MODULES = YES;
				CLANG_ENABLE_OBJC_ARC = YES;
				CLANG_WARN_BOOL_CONVERSION = YES;
				CLANG_WARN_CONSTANT_CONVERSION = YES;
				CLANG_WARN_DIRECT_OBJC_ISA_USAGE = YES_ERROR;
				CLANG_WARN_EMPTY_BODY = YES;
				CLANG_WARN_ENUM_CONVERSION = YES;
				CLANG_WARN_INT_CONVERSION = YES;
				CLANG_WARN_OBJC_ROOT_CLASS = YES_ERROR;
				CLANG_WARN_UNREACHABLE_CODE = YES;
				CLANG_WARN__DUPLICATE_METHOD_MATCH = YES;
				"CODE_SIGN_IDENTITY[sdk=iphoneos*]" = "iPhone Developer";
				COPY_PHASE_STRIP = NO;
				DEBUG_INFORMATION_FORMAT = dwarf;
				ENABLE_STRICT_OBJC_MSGSEND = YES;
				ENABLE_TESTABILITY = YES;
				GCC_C_LANGUAGE_STANDARD = gnu99;
				GCC_DYNAMIC_NO_PIC = NO;
				GCC_NO_COMMON_BLOCKS = YES;
				GCC_OPTIMIZATION_LEVEL = 0;
				GCC_PREPROCESSOR_DEFINITIONS = (
					"DEBUG=1",
					"$(inherited)",
				);
				GCC_WARN_64_TO_32_BIT_CONVERSION = YES;
				GCC_WARN_ABOUT_RETURN_TYPE = YES_ERROR;
				GCC_WARN_UNDECLARED_SELECTOR = YES;
				GCC_WARN_UNINITIALIZED_AUTOS = YES_AGGRESSIVE;
				GCC_WARN_UNUSED_FUNCTION = YES;
				GCC_WARN_UNUSED_VARIABLE = YES;
				IPHONEOS_DEPLOYMENT_TARGET = 9.1;
				MTL_ENABLE_DEBUG_INFO = YES;
				ONLY_ACTIVE_ARCH = YES;
				SDKROOT = iphoneos;
				SWIFT_OPTIMIZATION_LEVEL = "-Onone";
			};
			name = Debug;
		};
		16516E511C0C4E6B004B5821 /* Release */ = {
			isa = XCBuildConfiguration;
			buildSettings = {
				ALWAYS_SEARCH_USER_PATHS = NO;
				CLANG_CXX_LANGUAGE_STANDARD = "gnu++0x";
				CLANG_CXX_LIBRARY = "libc++";
				CLANG_ENABLE_MODULES = YES;
				CLANG_ENABLE_OBJC_ARC = YES;
				CLANG_WARN_BOOL_CONVERSION = YES;
				CLANG_WARN_CONSTANT_CONVERSION = YES;
				CLANG_WARN_DIRECT_OBJC_ISA_USAGE = YES_ERROR;
				CLANG_WARN_EMPTY_BODY = YES;
				CLANG_WARN_ENUM_CONVERSION = YES;
				CLANG_WARN_INT_CONVERSION = YES;
				CLANG_WARN_OBJC_ROOT_CLASS = YES_ERROR;
				CLANG_WARN_UNREACHABLE_CODE = YES;
				CLANG_WARN__DUPLICATE_METHOD_MATCH = YES;
				"CODE_SIGN_IDENTITY[sdk=iphoneos*]" = "iPhone Developer";
				COPY_PHASE_STRIP = NO;
				DEBUG_INFORMATION_FORMAT = "dwarf-with-dsym";
				ENABLE_NS_ASSERTIONS = NO;
				ENABLE_STRICT_OBJC_MSGSEND = YES;
				GCC_C_LANGUAGE_STANDARD = gnu99;
				GCC_NO_COMMON_BLOCKS = YES;
				GCC_WARN_64_TO_32_BIT_CONVERSION = YES;
				GCC_WARN_ABOUT_RETURN_TYPE = YES_ERROR;
				GCC_WARN_UNDECLARED_SELECTOR = YES;
				GCC_WARN_UNINITIALIZED_AUTOS = YES_AGGRESSIVE;
				GCC_WARN_UNUSED_FUNCTION = YES;
				GCC_WARN_UNUSED_VARIABLE = YES;
				IPHONEOS_DEPLOYMENT_TARGET = 9.1;
				MTL_ENABLE_DEBUG_INFO = NO;
				SDKROOT = iphoneos;
				VALIDATE_PRODUCT = YES;
			};
			name = Release;
		};
		16516E531C0C4E6B004B5821 /* Debug */ = {
			isa = XCBuildConfiguration;
			buildSettings = {
				ASSETCATALOG_COMPILER_APPICON_NAME = AppIcon;
				INFOPLIST_FILE = BoomApp/Info.plist;
				LD_RUNPATH_SEARCH_PATHS = "$(inherited) @executable_path/Frameworks";
				PRODUCT_BUNDLE_IDENTIFIER = com.knolware.BoomApp;
				PRODUCT_NAME = "$(TARGET_NAME)";
			};
			name = Debug;
		};
		16516E541C0C4E6B004B5821 /* Release */ = {
			isa = XCBuildConfiguration;
			buildSettings = {
				ASSETCATALOG_COMPILER_APPICON_NAME = AppIcon;
				INFOPLIST_FILE = BoomApp/Info.plist;
				LD_RUNPATH_SEARCH_PATHS = "$(inherited) @executable_path/Frameworks";
				PRODUCT_BUNDLE_IDENTIFIER = com.knolware.BoomApp;
				PRODUCT_NAME = "$(TARGET_NAME)";
			};
			name = Release;
		};
/* End XCBuildConfiguration section */

/* Begin XCConfigurationList section */
		16516E3B1C0C4E6B004B5821 /* Build configuration list for PBXProject "BoomApp" */ = {
			isa = XCConfigurationList;
			buildConfigurations = (
				16516E501C0C4E6B004B5821 /* Debug */,
				16516E511C0C4E6B004B5821 /* Release */,
			);
			defaultConfigurationIsVisible = 0;
			defaultConfigurationName = Release;
		};
		16516E521C0C4E6B004B5821 /* Build configuration list for PBXNativeTarget "BoomApp" */ = {
			isa = XCConfigurationList;
			buildConfigurations = (
				16516E531C0C4E6B004B5821 /* Debug */,
				16516E541C0C4E6B004B5821 /* Release */,
			);
			defaultConfigurationIsVisible = 0;
		};
/* End XCConfigurationList section */
	};
	rootObject = 16516E381C0C4E6B004B5821 /* Project object */;
}
